<?xml version="1.0" encoding="utf-8"?>
<Project ToolsVersion="4.0" xmlns="http://schemas.microsoft.com/developer/msbuild/2003">
  <ItemGroup>
    <Filter Include="Исходные файлы">
      <UniqueIdentifier>{4FC737F1-C7A5-4376-A066-2A32D752A2FF}</UniqueIdentifier>
      <Extensions>cpp;c;cc;cxx;def;odl;idl;hpj;bat;asm;asmx</Extensions>
    </Filter>
    <Filter Include="Файлы заголовков">
      <UniqueIdentifier>{93995380-89BD-4b04-88EB-625FBE52EBFB}</UniqueIdentifier>
      <Extensions>h;hh;hpp;hxx;hm;inl;inc;ipp;xsd</Extensions>
    </Filter>
    <Filter Include="server_commands">
      <UniqueIdentifier>{58a40b78-d02c-4cd9-a3bf-c6876e27b920}</UniqueIdentifier>
    </Filter>
    <Filter Include="entity">
      <UniqueIdentifier>{b6570f8f-af40-4fdf-8eb8-a63b24a289a4}</UniqueIdentifier>
    </Filter>
  </ItemGroup>
  <ItemGroup>
    <ClInclude Include="pch.h">
      <Filter>Файлы заголовков</Filter>
    </ClInclude>
    <ClInclude Include="TcpServer.h">
      <Filter>Файлы заголовков</Filter>
    </ClInclude>
    <ClInclude Include="ServerConnection.h">
      <Filter>Файлы заголовков</Filter>
    </ClInclude>
    <ClInclude Include="ConnectionFactory.h">
      <Filter>Файлы заголовков</Filter>
    </ClInclude>
    <ClInclude Include="ServerCommandResolver.h">
      <Filter>Файлы заголовков</Filter>
    </ClInclude>
    <ClInclude Include="ExitServerCommand.h">
      <Filter>server_commands</Filter>
    </ClInclude>
    <ClInclude Include="BaseServerCommand.h">
      <Filter>server_commands</Filter>
    </ClInclude>
    <ClInclude Include="ServerCommandFactory.h">
      <Filter>Файлы заголовков</Filter>
    </ClInclude>
    <ClInclude Include="ServerUserEntity.h">
      <Filter>Файлы заголовков</Filter>
    </ClInclude>
    <ClInclude Include="UserEntities.h">
      <Filter>Файлы заголовков</Filter>
    </ClInclude>
  </ItemGroup>
  <ItemGroup>
    <ClCompile Include="pch.cpp">
      <Filter>Исходные файлы</Filter>
    </ClCompile>
    <ClCompile Include="TcpServer.cpp">
      <Filter>Исходные файлы</Filter>
    </ClCompile>
    <ClCompile Include="ServerConnection.cpp">
      <Filter>Исходные файлы</Filter>
    </ClCompile>
    <ClCompile Include="ConnectionFactory.cpp">
      <Filter>Исходные файлы</Filter>
    </ClCompile>
    <ClCompile Include="ServerCommandResolver.cpp">
      <Filter>Исходные файлы</Filter>
    </ClCompile>
    <ClCompile Include="PocoChat_server.cpp">
      <Filter>entity</Filter>
    </ClCompile>
    <ClCompile Include="ExitServerCommand.cpp">
      <Filter>server_commands</Filter>
    </ClCompile>
    <ClCompile Include="BaseServerCommand.cpp">
      <Filter>server_commands</Filter>
    </ClCompile>
    <ClCompile Include="ServerCommandFactory.cpp">
      <Filter>Исходные файлы</Filter>
    </ClCompile>
    <ClCompile Include="ServerUserEntity.cpp">
      <Filter>Исходные файлы</Filter>
    </ClCompile>
    <ClCompile Include="UserEntities.cpp">
      <Filter>Исходные файлы</Filter>
    </ClCompile>
  </ItemGroup>
</Project>